
Microsoft Visual Studio Solution File, Format Version 12.00
# Visual Studio Version 16
VisualStudioVersion = 16.0.31105.61
MinimumVisualStudioVersion = 10.0.40219.1
Project("{9A19103F-16F7-4668-BE54-9A1E7A4F7556}") = "Mosaic", "Mosaic\Mosaic.csproj", "{81287B13-A9F6-4599-8C87-494D4252F80B}"
EndProject
Project("{9A19103F-16F7-4668-BE54-9A1E7A4F7556}") = "Mosaic.CLI", "Mosaic.CLI\Mosaic.CLI.csproj", "{0E9D90F8-0ADC-44BB-85EA-74A6BFF46565}"
EndProject
Project("{9A19103F-16F7-4668-BE54-9A1E7A4F7556}") = "Mosaic.Tests", "Mosaic.Tests\Mosaic.Tests.csproj", "{0581F2F9-75AA-45AA-AA78-F6DC8624AC3E}"
EndProject
Project("{9A19103F-16F7-4668-BE54-9A1E7A4F7556}") = "Mosaic.UI", "Mosaic.UI\Mosaic.UI.csproj", "{0530FBF0-4C91-48C4-A636-5C9F43224413}"
EndProject
Global
	GlobalSection(SolutionConfigurationPlatforms) = preSolution
		Debug|Any CPU = Debug|Any CPU
		Release|Any CPU = Release|Any CPU
	EndGlobalSection
	GlobalSection(ProjectConfigurationPlatforms) = postSolution
		{81287B13-A9F6-4599-8C87-494D4252F80B}.Debug|Any CPU.ActiveCfg = Debug|Any CPU
		{81287B13-A9F6-4599-8C87-494D4252F80B}.Debug|Any CPU.Build.0 = Debug|Any CPU
		{81287B13-A9F6-4599-8C87-494D4252F80B}.Release|Any CPU.ActiveCfg = Release|Any CPU
		{81287B13-A9F6-4599-8C87-494D4252F80B}.Release|Any CPU.Build.0 = Release|Any CPU
		{0E9D90F8-0ADC-44BB-85EA-74A6BFF46565}.Debug|Any CPU.ActiveCfg = Debug|Any CPU
		{0E9D90F8-0ADC-44BB-85EA-74A6BFF46565}.Debug|Any CPU.Build.0 = Debug|Any CPU
		{0E9D90F8-0ADC-44BB-85EA-74A6BFF46565}.Release|Any CPU.ActiveCfg = Release|Any CPU
		{0E9D90F8-0ADC-44BB-85EA-74A6BFF46565}.Release|Any CPU.Build.0 = Release|Any CPU
		{0581F2F9-75AA-45AA-AA78-F6DC8624AC3E}.Debug|Any CPU.ActiveCfg = Debug|Any CPU
		{0581F2F9-75AA-45AA-AA78-F6DC8624AC3E}.Debug|Any CPU.Build.0 = Debug|Any CPU
		{0581F2F9-75AA-45AA-AA78-F6DC8624AC3E}.Release|Any CPU.ActiveCfg = Release|Any CPU
		{0581F2F9-75AA-45AA-AA78-F6DC8624AC3E}.Release|Any CPU.Build.0 = Release|Any CPU
		{0530FBF0-4C91-48C4-A636-5C9F43224413}.Debug|Any CPU.ActiveCfg = Debug|Any CPU
		{0530FBF0-4C91-48C4-A636-5C9F43224413}.Debug|Any CPU.Build.0 = Debug|Any CPU
		{0530FBF0-4C91-48C4-A636-5C9F43224413}.Release|Any CPU.ActiveCfg = Release|Any CPU
		{0530FBF0-4C91-48C4-A636-5C9F43224413}.Release|Any CPU.Build.0 = Release|Any CPU
	EndGlobalSection
	GlobalSection(SolutionProperties) = preSolution
		HideSolutionNode = FALSE
	EndGlobalSection
	GlobalSection(ExtensibilityGlobals) = postSolution
		SolutionGuid = {84E7B805-07BB-46BE-A299-F5B9497185A5}
	EndGlobalSection
EndGlobal
